
Microsoft Visual Studio Solution File, Format Version 12.00
# Visual Studio 2013
VisualStudioVersion = 12.0.30110.0
MinimumVisualStudioVersion = 10.0.40219.1
Project("{FAE04EC0-301F-11D3-BF4B-00C04F79EFBC}") = "NewSocietyProject", "NewSocietyProject\NewSocietyProject.csproj", "{85434CB4-5CE5-4A32-A3E2-2326733ED973}"
EndProject
Project("{FAE04EC0-301F-11D3-BF4B-00C04F79EFBC}") = "World", "World\World.csproj", "{B4612E16-C816-44EE-A253-147907FAA279}"
EndProject
Project("{FAE04EC0-301F-11D3-BF4B-00C04F79EFBC}") = "Engine", "Engine\Engine.csproj", "{A132767C-92CC-4B77-B726-1C67672DE8F1}"
EndProject
Global
	GlobalSection(SolutionConfigurationPlatforms) = preSolution
		Debug|Any CPU = Debug|Any CPU
		Release|Any CPU = Release|Any CPU
	EndGlobalSection
	GlobalSection(ProjectConfigurationPlatforms) = postSolution
		{85434CB4-5CE5-4A32-A3E2-2326733ED973}.Debug|Any CPU.ActiveCfg = Debug|Any CPU
		{85434CB4-5CE5-4A32-A3E2-2326733ED973}.Debug|Any CPU.Build.0 = Debug|Any CPU
		{85434CB4-5CE5-4A32-A3E2-2326733ED973}.Release|Any CPU.ActiveCfg = Release|Any CPU
		{85434CB4-5CE5-4A32-A3E2-2326733ED973}.Release|Any CPU.Build.0 = Release|Any CPU
		{B4612E16-C816-44EE-A253-147907FAA279}.Debug|Any CPU.ActiveCfg = Debug|Any CPU
		{B4612E16-C816-44EE-A253-147907FAA279}.Debug|Any CPU.Build.0 = Debug|Any CPU
		{B4612E16-C816-44EE-A253-147907FAA279}.Release|Any CPU.ActiveCfg = Release|Any CPU
		{B4612E16-C816-44EE-A253-147907FAA279}.Release|Any CPU.Build.0 = Release|Any CPU
		{A132767C-92CC-4B77-B726-1C67672DE8F1}.Debug|Any CPU.ActiveCfg = Debug|Any CPU
		{A132767C-92CC-4B77-B726-1C67672DE8F1}.Debug|Any CPU.Build.0 = Debug|Any CPU
		{A132767C-92CC-4B77-B726-1C67672DE8F1}.Release|Any CPU.ActiveCfg = Release|Any CPU
		{A132767C-92CC-4B77-B726-1C67672DE8F1}.Release|Any CPU.Build.0 = Release|Any CPU
	EndGlobalSection
	GlobalSection(SolutionProperties) = preSolution
		HideSolutionNode = FALSE
	EndGlobalSection
	GlobalSection(SubversionScc) = preSolution
		Svn-Managed = True
		Manager = AnkhSVN - Subversion Support for Visual Studio
	EndGlobalSection
EndGlobal
